
Microsoft Visual Studio Solution File, Format Version 12.00
# Visual Studio Version 17
VisualStudioVersion = 17.9.34607.119
MinimumVisualStudioVersion = 10.0.40219.1
Project("{9A19103F-16F7-4668-BE54-9A1E7A4F7556}") = "CV19", "CV19\CV19.csproj", "{C8889D9A-5142-4CE3-9515-250346BCCD95}"
EndProject
Project("{9A19103F-16F7-4668-BE54-9A1E7A4F7556}") = "CV19.Cli", "Tests\CV19.Cli\CV19.Cli.csproj", "{256C7CD4-5978-4E5C-9BEB-A8147CBF9D2B}"
EndProject
Project("{9A19103F-16F7-4668-BE54-9A1E7A4F7556}") = "CV19.Wpf.Test", "Tests\CV19.Wpf.Test\CV19.Wpf.Test.csproj", "{49290120-5603-4D05-B809-5DCEF04D26A3}"
EndProject
Global
	GlobalSection(SolutionConfigurationPlatforms) = preSolution
		Debug|Any CPU = Debug|Any CPU
		Release|Any CPU = Release|Any CPU
	EndGlobalSection
	GlobalSection(ProjectConfigurationPlatforms) = postSolution
		{C8889D9A-5142-4CE3-9515-250346BCCD95}.Debug|Any CPU.ActiveCfg = Debug|Any CPU
		{C8889D9A-5142-4CE3-9515-250346BCCD95}.Debug|Any CPU.Build.0 = Debug|Any CPU
		{C8889D9A-5142-4CE3-9515-250346BCCD95}.Release|Any CPU.ActiveCfg = Release|Any CPU
		{C8889D9A-5142-4CE3-9515-250346BCCD95}.Release|Any CPU.Build.0 = Release|Any CPU
		{256C7CD4-5978-4E5C-9BEB-A8147CBF9D2B}.Debug|Any CPU.ActiveCfg = Debug|Any CPU
		{256C7CD4-5978-4E5C-9BEB-A8147CBF9D2B}.Debug|Any CPU.Build.0 = Debug|Any CPU
		{256C7CD4-5978-4E5C-9BEB-A8147CBF9D2B}.Release|Any CPU.ActiveCfg = Release|Any CPU
		{256C7CD4-5978-4E5C-9BEB-A8147CBF9D2B}.Release|Any CPU.Build.0 = Release|Any CPU
		{49290120-5603-4D05-B809-5DCEF04D26A3}.Debug|Any CPU.ActiveCfg = Debug|Any CPU
		{49290120-5603-4D05-B809-5DCEF04D26A3}.Debug|Any CPU.Build.0 = Debug|Any CPU
		{49290120-5603-4D05-B809-5DCEF04D26A3}.Release|Any CPU.ActiveCfg = Release|Any CPU
		{49290120-5603-4D05-B809-5DCEF04D26A3}.Release|Any CPU.Build.0 = Release|Any CPU
	EndGlobalSection
	GlobalSection(SolutionProperties) = preSolution
		HideSolutionNode = FALSE
	EndGlobalSection
	GlobalSection(ExtensibilityGlobals) = postSolution
		SolutionGuid = {8E7264F1-BE13-413E-8E10-48ED7FC8ABCB}
	EndGlobalSection
EndGlobal
